
Microsoft Visual Studio Solution File, Format Version 12.00
# Visual Studio Version 17
VisualStudioVersion = 17.1.32210.238
MinimumVisualStudioVersion = 10.0.40219.1
Project("{FAE04EC0-301F-11D3-BF4B-00C04F79EFBC}") = "Exe3_Farhan Taufiqul Ihsan_087", "Exe3_Farhan Taufiqul Ihsan_087\Exe3_Farhan Taufiqul Ihsan_087.csproj", "{4052E82F-C8D4-49C2-BE22-14DACA31AA03}"
EndProject
Global
	GlobalSection(SolutionConfigurationPlatforms) = preSolution
		Debug|Any CPU = Debug|Any CPU
		Release|Any CPU = Release|Any CPU
	EndGlobalSection
	GlobalSection(ProjectConfigurationPlatforms) = postSolution
		{4052E82F-C8D4-49C2-BE22-14DACA31AA03}.Debug|Any CPU.ActiveCfg = Debug|Any CPU
		{4052E82F-C8D4-49C2-BE22-14DACA31AA03}.Debug|Any CPU.Build.0 = Debug|Any CPU
		{4052E82F-C8D4-49C2-BE22-14DACA31AA03}.Release|Any CPU.ActiveCfg = Release|Any CPU
		{4052E82F-C8D4-49C2-BE22-14DACA31AA03}.Release|Any CPU.Build.0 = Release|Any CPU
	EndGlobalSection
	GlobalSection(SolutionProperties) = preSolution
		HideSolutionNode = FALSE
	EndGlobalSection
	GlobalSection(ExtensibilityGlobals) = postSolution
		SolutionGuid = {7443A230-AA1A-4A5F-8635-4ABE9BB62FF0}
	EndGlobalSection
EndGlobal
